
Microsoft Visual Studio Solution File, Format Version 12.00
# Visual Studio 15
VisualStudioVersion = 15.0.28307.168
MinimumVisualStudioVersion = 10.0.40219.1
Project("{FAE04EC0-301F-11D3-BF4B-00C04F79EFBC}") = "BillsPaymentSystem.App", "BillsPaymentSystem.App\BillsPaymentSystem.App.csproj", "{F35DF32B-4F5A-495A-AEB3-B740F12CD144}"
EndProject
Project("{FAE04EC0-301F-11D3-BF4B-00C04F79EFBC}") = "BillsPaymentSystem.Data", "BillsPaymentSystem.Data\BillsPaymentSystem.Data.csproj", "{63B3FD8E-BEB5-4D3F-B950-3C5F153911A3}"
EndProject
Project("{FAE04EC0-301F-11D3-BF4B-00C04F79EFBC}") = "BillsPaymentSystem.Models", "BillsPaymentSystem.Models\BillsPaymentSystem.Models.csproj", "{D88F486C-4523-4BDA-9ACF-4227DD1449B8}"
EndProject
Global
	GlobalSection(SolutionConfigurationPlatforms) = preSolution
		Debug|Any CPU = Debug|Any CPU
		Release|Any CPU = Release|Any CPU
	EndGlobalSection
	GlobalSection(ProjectConfigurationPlatforms) = postSolution
		{F35DF32B-4F5A-495A-AEB3-B740F12CD144}.Debug|Any CPU.ActiveCfg = Debug|Any CPU
		{F35DF32B-4F5A-495A-AEB3-B740F12CD144}.Debug|Any CPU.Build.0 = Debug|Any CPU
		{F35DF32B-4F5A-495A-AEB3-B740F12CD144}.Release|Any CPU.ActiveCfg = Release|Any CPU
		{F35DF32B-4F5A-495A-AEB3-B740F12CD144}.Release|Any CPU.Build.0 = Release|Any CPU
		{63B3FD8E-BEB5-4D3F-B950-3C5F153911A3}.Debug|Any CPU.ActiveCfg = Debug|Any CPU
		{63B3FD8E-BEB5-4D3F-B950-3C5F153911A3}.Debug|Any CPU.Build.0 = Debug|Any CPU
		{63B3FD8E-BEB5-4D3F-B950-3C5F153911A3}.Release|Any CPU.ActiveCfg = Release|Any CPU
		{63B3FD8E-BEB5-4D3F-B950-3C5F153911A3}.Release|Any CPU.Build.0 = Release|Any CPU
		{D88F486C-4523-4BDA-9ACF-4227DD1449B8}.Debug|Any CPU.ActiveCfg = Debug|Any CPU
		{D88F486C-4523-4BDA-9ACF-4227DD1449B8}.Debug|Any CPU.Build.0 = Debug|Any CPU
		{D88F486C-4523-4BDA-9ACF-4227DD1449B8}.Release|Any CPU.ActiveCfg = Release|Any CPU
		{D88F486C-4523-4BDA-9ACF-4227DD1449B8}.Release|Any CPU.Build.0 = Release|Any CPU
	EndGlobalSection
	GlobalSection(SolutionProperties) = preSolution
		HideSolutionNode = FALSE
	EndGlobalSection
	GlobalSection(ExtensibilityGlobals) = postSolution
		SolutionGuid = {41E1DBDA-FD46-4F47-B5BA-B691E80CDCAB}
	EndGlobalSection
EndGlobal
