
Microsoft Visual Studio Solution File, Format Version 12.00
# Visual Studio 15
VisualStudioVersion = 15.0.28307.168
MinimumVisualStudioVersion = 10.0.40219.1
Project("{9A19103F-16F7-4668-BE54-9A1E7A4F7556}") = "SoftUni", "3.EntityFramework\SoftUni.csproj", "{E375B47D-A04D-4BE3-AE4D-BA22E8C10A32}"
EndProject
Global
	GlobalSection(SolutionConfigurationPlatforms) = preSolution
		Debug|Any CPU = Debug|Any CPU
		Release|Any CPU = Release|Any CPU
	EndGlobalSection
	GlobalSection(ProjectConfigurationPlatforms) = postSolution
		{E375B47D-A04D-4BE3-AE4D-BA22E8C10A32}.Debug|Any CPU.ActiveCfg = Debug|Any CPU
		{E375B47D-A04D-4BE3-AE4D-BA22E8C10A32}.Debug|Any CPU.Build.0 = Debug|Any CPU
		{E375B47D-A04D-4BE3-AE4D-BA22E8C10A32}.Release|Any CPU.ActiveCfg = Release|Any CPU
		{E375B47D-A04D-4BE3-AE4D-BA22E8C10A32}.Release|Any CPU.Build.0 = Release|Any CPU
	EndGlobalSection
	GlobalSection(SolutionProperties) = preSolution
		HideSolutionNode = FALSE
	EndGlobalSection
	GlobalSection(ExtensibilityGlobals) = postSolution
		SolutionGuid = {AC5F24A1-4406-49B5-84FD-68C84611FE87}
	EndGlobalSection
EndGlobal
